// !$*UTF8*$!
{
	archiveVersion = 1;
	classes = {
	};
	objectVersion = 48;
	objects = {

/* Begin PBXBuildFile section */
		334BF3C11FBF5438007362F0 /* AppDelegate.swift in Sources */ = {isa = PBXBuildFile; fileRef = 334BF3C01FBF5438007362F0 /* AppDelegate.swift */; };
		334BF3C31FBF5438007362F0 /* ViewController.swift in Sources */ = {isa = PBXBuildFile; fileRef = 334BF3C21FBF5438007362F0 /* ViewController.swift */; };
		334BF3C61FBF5438007362F0 /* Main.storyboard in Resources */ = {isa = PBXBuildFile; fileRef = 334BF3C41FBF5438007362F0 /* Main.storyboard */; };
		334BF3C81FBF5438007362F0 /* Assets.xcassets in Resources */ = {isa = PBXBuildFile; fileRef = 334BF3C71FBF5438007362F0 /* Assets.xcassets */; };
		334BF3CB1FBF5438007362F0 /* LaunchScreen.storyboard in Resources */ = {isa = PBXBuildFile; fileRef = 334BF3C91FBF5438007362F0 /* LaunchScreen.storyboard */; };
		334BF3D61FBF5438007362F0 /* TumblrTests.swift in Sources */ = {isa = PBXBuildFile; fileRef = 334BF3D51FBF5438007362F0 /* TumblrTests.swift */; };
		334BF3E11FBF5438007362F0 /* TumblrUITests.swift in Sources */ = {isa = PBXBuildFile; fileRef = 334BF3E01FBF5438007362F0 /* TumblrUITests.swift */; };
/* End PBXBuildFile section */

/* Begin PBXContainerItemProxy section */
		334BF3D21FBF5438007362F0 /* PBXContainerItemProxy */ = {
			isa = PBXContainerItemProxy;
			containerPortal = 334BF3B51FBF5438007362F0 /* Project object */;
			proxyType = 1;
			remoteGlobalIDString = 334BF3BC1FBF5438007362F0;
			remoteInfo = Tumblr;
		};
		334BF3DD1FBF5438007362F0 /* PBXContainerItemProxy */ = {
			isa = PBXContainerItemProxy;
			containerPortal = 334BF3B51FBF5438007362F0 /* Project object */;
			proxyType = 1;
			remoteGlobalIDString = 334BF3BC1FBF5438007362F0;
			remoteInfo = Tumblr;
		};
/* End PBXContainerItemProxy section */

/* Begin PBXFileReference section */
		334BF3BD1FBF5438007362F0 /* Tumblr.app */ = {isa = PBXFileReference; explicitFileType = wrapper.application; includeInIndex = 0; path = Tumblr.app; sourceTree = BUILT_PRODUCTS_DIR; };
		334BF3C01FBF5438007362F0 /* AppDelegate.swift */ = {isa = PBXFileReference; lastKnownFileType = sourcecode.swift; path = AppDelegate.swift; sourceTree = "<group>"; };
		334BF3C21FBF5438007362F0 /* ViewController.swift */ = {isa = PBXFileReference; lastKnownFileType = sourcecode.swift; path = ViewController.swift; sourceTree = "<group>"; };
		334BF3C51FBF5438007362F0 /* Base */ = {isa = PBXFileReference; lastKnownFileType = file.storyboard; name = Base; path = Base.lproj/Main.storyboard; sourceTree = "<group>"; };
		334BF3C71FBF5438007362F0 /* Assets.xcassets */ = {isa = PBXFileReference; lastKnownFileType = folder.assetcatalog; path = Assets.xcassets; sourceTree = "<group>"; };
		334BF3CA1FBF5438007362F0 /* Base */ = {isa = PBXFileReference; lastKnownFileType = file.storyboard; name = Base; path = Base.lproj/LaunchScreen.storyboard; sourceTree = "<group>"; };
		334BF3CC1FBF5438007362F0 /* Info.plist */ = {isa = PBXFileReference; lastKnownFileType = text.plist.xml; path = Info.plist; sourceTree = "<group>"; };
		334BF3D11FBF5438007362F0 /* TumblrTests.xctest */ = {isa = PBXFileReference; explicitFileType = wrapper.cfbundle; includeInIndex = 0; path = TumblrTests.xctest; sourceTree = BUILT_PRODUCTS_DIR; };
		334BF3D51FBF5438007362F0 /* TumblrTests.swift */ = {isa = PBXFileReference; lastKnownFileType = sourcecode.swift; path = TumblrTests.swift; sourceTree = "<group>"; };
		334BF3D71FBF5438007362F0 /* Info.plist */ = {isa = PBXFileReference; lastKnownFileType = text.plist.xml; path = Info.plist; sourceTree = "<group>"; };
		334BF3DC1FBF5438007362F0 /* TumblrUITests.xctest */ = {isa = PBXFileReference; explicitFileType = wrapper.cfbundle; includeInIndex = 0; path = TumblrUITests.xctest; sourceTree = BUILT_PRODUCTS_DIR; };
		334BF3E01FBF5438007362F0 /* TumblrUITests.swift */ = {isa = PBXFileReference; lastKnownFileType = sourcecode.swift; path = TumblrUITests.swift; sourceTree = "<group>"; };
		334BF3E21FBF5438007362F0 /* Info.plist */ = {isa = PBXFileReference; lastKnownFileType = text.plist.xml; path = Info.plist; sourceTree = "<group>"; };
/* End PBXFileReference section */

/* Begin PBXFrameworksBuildPhase section */
		334BF3BA1FBF5438007362F0 /* Frameworks */ = {
			isa = PBXFrameworksBuildPhase;
			buildActionMask = 2147483647;
			files = (
			);
			runOnlyForDeploymentPostprocessing = 0;
		};
		334BF3CE1FBF5438007362F0 /* Frameworks */ = {
			isa = PBXFrameworksBuildPhase;
			buildActionMask = 2147483647;
			files = (
			);
			runOnlyForDeploymentPostprocessing = 0;
		};
		334BF3D91FBF5438007362F0 /* Frameworks */ = {
			isa = PBXFrameworksBuildPhase;
			buildActionMask = 2147483647;
			files = (
			);
			runOnlyForDeploymentPostprocessing = 0;
		};
/* End PBXFrameworksBuildPhase section */

/* Begin PBXGroup section */
		334BF3B41FBF5438007362F0 = {
			isa = PBXGroup;
			children = (
				334BF3BF1FBF5438007362F0 /* Tumblr */,
				334BF3D41FBF5438007362F0 /* TumblrTests */,
				334BF3DF1FBF5438007362F0 /* TumblrUITests */,
				334BF3BE1FBF5438007362F0 /* Products */,
			);
			sourceTree = "<group>";
		};
		334BF3BE1FBF5438007362F0 /* Products */ = {
			isa = PBXGroup;
			children = (
				334BF3BD1FBF5438007362F0 /* Tumblr.app */,
				334BF3D11FBF5438007362F0 /* TumblrTests.xctest */,
				334BF3DC1FBF5438007362F0 /* TumblrUITests.xctest */,
			);
			name = Products;
			sourceTree = "<group>";
		};
		334BF3BF1FBF5438007362F0 /* Tumblr */ = {
			isa = PBXGroup;
			children = (
				334BF3C01FBF5438007362F0 /* AppDelegate.swift */,
				334BF3C21FBF5438007362F0 /* ViewController.swift */,
				334BF3C41FBF5438007362F0 /* Main.storyboard */,
				334BF3C71FBF5438007362F0 /* Assets.xcassets */,
				334BF3C91FBF5438007362F0 /* LaunchScreen.storyboard */,
				334BF3CC1FBF5438007362F0 /* Info.plist */,
			);
			path = Tumblr;
			sourceTree = "<group>";
		};
		334BF3D41FBF5438007362F0 /* TumblrTests */ = {
			isa = PBXGroup;
			children = (
				334BF3D51FBF5438007362F0 /* TumblrTests.swift */,
				334BF3D71FBF5438007362F0 /* Info.plist */,
			);
			path = TumblrTests;
			sourceTree = "<group>";
		};
		334BF3DF1FBF5438007362F0 /* TumblrUITests */ = {
			isa = PBXGroup;
			children = (
				334BF3E01FBF5438007362F0 /* TumblrUITests.swift */,
				334BF3E21FBF5438007362F0 /* Info.plist */,
			);
			path = TumblrUITests;
			sourceTree = "<group>";
		};
/* End PBXGroup section */

/* Begin PBXNativeTarget section */
		334BF3BC1FBF5438007362F0 /* Tumblr */ = {
			isa = PBXNativeTarget;
			buildConfigurationList = 334BF3E51FBF5438007362F0 /* Build configuration list for PBXNativeTarget "Tumblr" */;
			buildPhases = (
				334BF3B91FBF5438007362F0 /* Sources */,
				334BF3BA1FBF5438007362F0 /* Frameworks */,
				334BF3BB1FBF5438007362F0 /* Resources */,
			);
			buildRules = (
			);
			dependencies = (
			);
			name = Tumblr;
			productName = Tumblr;
			productReference = 334BF3BD1FBF5438007362F0 /* Tumblr.app */;
			productType = "com.apple.product-type.application";
		};
		334BF3D01FBF5438007362F0 /* TumblrTests */ = {
			isa = PBXNativeTarget;
			buildConfigurationList = 334BF3E81FBF5438007362F0 /* Build configuration list for PBXNativeTarget "TumblrTests" */;
			buildPhases = (
				334BF3CD1FBF5438007362F0 /* Sources */,
				334BF3CE1FBF5438007362F0 /* Frameworks */,
				334BF3CF1FBF5438007362F0 /* Resources */,
			);
			buildRules = (
			);
			dependencies = (
				334BF3D31FBF5438007362F0 /* PBXTargetDependency */,
			);
			name = TumblrTests;
			productName = TumblrTests;
			productReference = 334BF3D11FBF5438007362F0 /* TumblrTests.xctest */;
			productType = "com.apple.product-type.bundle.unit-test";
		};
		334BF3DB1FBF5438007362F0 /* TumblrUITests */ = {
			isa = PBXNativeTarget;
			buildConfigurationList = 334BF3EB1FBF5438007362F0 /* Build configuration list for PBXNativeTarget "TumblrUITests" */;
			buildPhases = (
				334BF3D81FBF5438007362F0 /* Sources */,
				334BF3D91FBF5438007362F0 /* Frameworks */,
				334BF3DA1FBF5438007362F0 /* Resources */,
			);
			buildRules = (
			);
			dependencies = (
				334BF3DE1FBF5438007362F0 /* PBXTargetDependency */,
			);
			name = TumblrUITests;
			productName = TumblrUITests;
			productReference = 334BF3DC1FBF5438007362F0 /* TumblrUITests.xctest */;
			productType = "com.apple.product-type.bundle.ui-testing";
		};
/* End PBXNativeTarget section */

/* Begin PBXProject section */
		334BF3B51FBF5438007362F0 /* Project object */ = {
			isa = PBXProject;
			attributes = {
				LastSwiftUpdateCheck = 0910;
				LastUpgradeCheck = 0910;
				ORGANIZATIONNAME = "Vinnie Chen";
				TargetAttributes = {
					334BF3BC1FBF5438007362F0 = {
						CreatedOnToolsVersion = 9.1;
						ProvisioningStyle = Automatic;
					};
					334BF3D01FBF5438007362F0 = {
						CreatedOnToolsVersion = 9.1;
						ProvisioningStyle = Automatic;
						TestTargetID = 334BF3BC1FBF5438007362F0;
					};
					334BF3DB1FBF5438007362F0 = {
						CreatedOnToolsVersion = 9.1;
						ProvisioningStyle = Automatic;
						TestTargetID = 334BF3BC1FBF5438007362F0;
					};
				};
			};
			buildConfigurationList = 334BF3B81FBF5438007362F0 /* Build configuration list for PBXProject "Tumblr" */;
			compatibilityVersion = "Xcode 8.0";
			developmentRegion = en;
			hasScannedForEncodings = 0;
			knownRegions = (
				en,
				Base,
			);
			mainGroup = 334BF3B41FBF5438007362F0;
			productRefGroup = 334BF3BE1FBF5438007362F0 /* Products */;
			projectDirPath = "";
			projectRoot = "";
			targets = (
				334BF3BC1FBF5438007362F0 /* Tumblr */,
				334BF3D01FBF5438007362F0 /* TumblrTests */,
				334BF3DB1FBF5438007362F0 /* TumblrUITests */,
			);
		};
/* End PBXProject section */

/* Begin PBXResourcesBuildPhase section */
		334BF3BB1FBF5438007362F0 /* Resources */ = {
			isa = PBXResourcesBuildPhase;
			buildActionMask = 2147483647;
			files = (
				334BF3CB1FBF5438007362F0 /* LaunchScreen.storyboard in Resources */,
				334BF3C81FBF5438007362F0 /* Assets.xcassets in Resources */,
				334BF3C61FBF5438007362F0 /* Main.storyboard in Resources */,
			);
			runOnlyForDeploymentPostprocessing = 0;
		};
		334BF3CF1FBF5438007362F0 /* Resources */ = {
			isa = PBXResourcesBuildPhase;
			buildActionMask = 2147483647;
			files = (
			);
			runOnlyForDeploymentPostprocessing = 0;
		};
		334BF3DA1FBF5438007362F0 /* Resources */ = {
			isa = PBXResourcesBuildPhase;
			buildActionMask = 2147483647;
			files = (
			);
			runOnlyForDeploymentPostprocessing = 0;
		};
/* End PBXResourcesBuildPhase section */

/* Begin PBXSourcesBuildPhase section */
		334BF3B91FBF5438007362F0 /* Sources */ = {
			isa = PBXSourcesBuildPhase;
			buildActionMask = 2147483647;
			files = (
				334BF3C31FBF5438007362F0 /* ViewController.swift in Sources */,
				334BF3C11FBF5438007362F0 /* AppDelegate.swift in Sources */,
			);
			runOnlyForDeploymentPostprocessing = 0;
		};
		334BF3CD1FBF5438007362F0 /* Sources */ = {
			isa = PBXSourcesBuildPhase;
			buildActionMask = 2147483647;
			files = (
				334BF3D61FBF5438007362F0 /* TumblrTests.swift in Sources */,
			);
			runOnlyForDeploymentPostprocessing = 0;
		};
		334BF3D81FBF5438007362F0 /* Sources */ = {
			isa = PBXSourcesBuildPhase;
			buildActionMask = 2147483647;
			files = (
				334BF3E11FBF5438007362F0 /* TumblrUITests.swift in Sources */,
			);
			runOnlyForDeploymentPostprocessing = 0;
		};
/* End PBXSourcesBuildPhase section */

/* Begin PBXTargetDependency section */
		334BF3D31FBF5438007362F0 /* PBXTargetDependency */ = {
			isa = PBXTargetDependency;
			target = 334BF3BC1FBF5438007362F0 /* Tumblr */;
			targetProxy = 334BF3D21FBF5438007362F0 /* PBXContainerItemProxy */;
		};
		334BF3DE1FBF5438007362F0 /* PBXTargetDependency */ = {
			isa = PBXTargetDependency;
			target = 334BF3BC1FBF5438007362F0 /* Tumblr */;
			targetProxy = 334BF3DD1FBF5438007362F0 /* PBXContainerItemProxy */;
		};
/* End PBXTargetDependency section */

/* Begin PBXVariantGroup section */
		334BF3C41FBF5438007362F0 /* Main.storyboard */ = {
			isa = PBXVariantGroup;
			children = (
				334BF3C51FBF5438007362F0 /* Base */,
			);
			name = Main.storyboard;
			sourceTree = "<group>";
		};
		334BF3C91FBF5438007362F0 /* LaunchScreen.storyboard */ = {
			isa = PBXVariantGroup;
			children = (
				334BF3CA1FBF5438007362F0 /* Base */,
			);
			name = LaunchScreen.storyboard;
			sourceTree = "<group>";
		};
/* End PBXVariantGroup section */

/* Begin XCBuildConfiguration section */
		334BF3E31FBF5438007362F0 /* Debug */ = {
			isa = XCBuildConfiguration;
			buildSettings = {
				ALWAYS_SEARCH_USER_PATHS = NO;
				CLANG_ANALYZER_NONNULL = YES;
				CLANG_ANALYZER_NUMBER_OBJECT_CONVERSION = YES_AGGRESSIVE;
				CLANG_CXX_LANGUAGE_STANDARD = "gnu++14";
				CLANG_CXX_LIBRARY = "libc++";
				CLANG_ENABLE_MODULES = YES;
				CLANG_ENABLE_OBJC_ARC = YES;
				CLANG_WARN_BLOCK_CAPTURE_AUTORELEASING = YES;
				CLANG_WARN_BOOL_CONVERSION = YES;
				CLANG_WARN_COMMA = YES;
				CLANG_WARN_CONSTANT_CONVERSION = YES;
				CLANG_WARN_DIRECT_OBJC_ISA_USAGE = YES_ERROR;
				CLANG_WARN_DOCUMENTATION_COMMENTS = YES;
				CLANG_WARN_EMPTY_BODY = YES;
				CLANG_WARN_ENUM_CONVERSION = YES;
				CLANG_WARN_INFINITE_RECURSION = YES;
				CLANG_WARN_INT_CONVERSION = YES;
				CLANG_WARN_NON_LITERAL_NULL_CONVERSION = YES;
				CLANG_WARN_OBJC_LITERAL_CONVERSION = YES;
				CLANG_WARN_OBJC_ROOT_CLASS = YES_ERROR;
				CLANG_WARN_RANGE_LOOP_ANALYSIS = YES;
				CLANG_WARN_STRICT_PROTOTYPES = YES;
				CLANG_WARN_SUSPICIOUS_MOVE = YES;
				CLANG_WARN_UNGUARDED_AVAILABILITY = YES_AGGRESSIVE;
				CLANG_WARN_UNREACHABLE_CODE = YES;
				CLANG_WARN__DUPLICATE_METHOD_MATCH = YES;
				CODE_SIGN_IDENTITY = "iPhone Developer";
				COPY_PHASE_STRIP = NO;
				DEBUG_INFORMATION_FORMAT = dwarf;
				ENABLE_STRICT_OBJC_MSGSEND = YES;
				ENABLE_TESTABILITY = YES;
				GCC_C_LANGUAGE_STANDARD = gnu11;
				GCC_DYNAMIC_NO_PIC = NO;
				GCC_NO_COMMON_BLOCKS = YES;
				GCC_OPTIMIZATION_LEVEL = 0;
				GCC_PREPROCESSOR_DEFINITIONS = (
					"DEBUG=1",
					"$(inherited)",
				);
				GCC_WARN_64_TO_32_BIT_CONVERSION = YES;
				GCC_WARN_ABOUT_RETURN_TYPE = YES_ERROR;
				GCC_WARN_UNDECLARED_SELECTOR = YES;
				GCC_WARN_UNINITIALIZED_AUTOS = YES_AGGRESSIVE;
				GCC_WARN_UNUSED_FUNCTION = YES;
				GCC_WARN_UNUSED_VARIABLE = YES;
				IPHONEOS_DEPLOYMENT_TARGET = 11.1;
				MTL_ENABLE_DEBUG_INFO = YES;
				ONLY_ACTIVE_ARCH = YES;
				SDKROOT = iphoneos;
				SWIFT_ACTIVE_COMPILATION_CONDITIONS = DEBUG;
				SWIFT_OPTIMIZATION_LEVEL = "-Onone";
			};
			name = Debug;
		};
		334BF3E41FBF5438007362F0 /* Release */ = {
			isa = XCBuildConfiguration;
			buildSettings = {
				ALWAYS_SEARCH_USER_PATHS = NO;
				CLANG_ANALYZER_NONNULL = YES;
				CLANG_ANALYZER_NUMBER_OBJECT_CONVERSION = YES_AGGRESSIVE;
				CLANG_CXX_LANGUAGE_STANDARD = "gnu++14";
				CLANG_CXX_LIBRARY = "libc++";
				CLANG_ENABLE_MODULES = YES;
				CLANG_ENABLE_OBJC_ARC = YES;
				CLANG_WARN_BLOCK_CAPTURE_AUTORELEASING = YES;
				CLANG_WARN_BOOL_CONVERSION = YES;
				CLANG_WARN_COMMA = YES;
				CLANG_WARN_CONSTANT_CONVERSION = YES;
				CLANG_WARN_DIRECT_OBJC_ISA_USAGE = YES_ERROR;
				CLANG_WARN_DOCUMENTATION_COMMENTS = YES;
				CLANG_WARN_EMPTY_BODY = YES;
				CLANG_WARN_ENUM_CONVERSION = YES;
				CLANG_WARN_INFINITE_RECURSION = YES;
				CLANG_WARN_INT_CONVERSION = YES;
				CLANG_WARN_NON_LITERAL_NULL_CONVERSION = YES;
				CLANG_WARN_OBJC_LITERAL_CONVERSION = YES;
				CLANG_WARN_OBJC_ROOT_CLASS = YES_ERROR;
				CLANG_WARN_RANGE_LOOP_ANALYSIS = YES;
				CLANG_WARN_STRICT_PROTOTYPES = YES;
				CLANG_WARN_SUSPICIOUS_MOVE = YES;
				CLANG_WARN_UNGUARDED_AVAILABILITY = YES_AGGRESSIVE;
				CLANG_WARN_UNREACHABLE_CODE = YES;
				CLANG_WARN__DUPLICATE_METHOD_MATCH = YES;
				CODE_SIGN_IDENTITY = "iPhone Developer";
				COPY_PHASE_STRIP = NO;
				DEBUG_INFORMATION_FORMAT = "dwarf-with-dsym";
				ENABLE_NS_ASSERTIONS = NO;
				ENABLE_STRICT_OBJC_MSGSEND = YES;
				GCC_C_LANGUAGE_STANDARD = gnu11;
				GCC_NO_COMMON_BLOCKS = YES;
				GCC_WARN_64_TO_32_BIT_CONVERSION = YES;
				GCC_WARN_ABOUT_RETURN_TYPE = YES_ERROR;
				GCC_WARN_UNDECLARED_SELECTOR = YES;
				GCC_WARN_UNINITIALIZED_AUTOS = YES_AGGRESSIVE;
				GCC_WARN_UNUSED_FUNCTION = YES;
				GCC_WARN_UNUSED_VARIABLE = YES;
				IPHONEOS_DEPLOYMENT_TARGET = 11.1;
				MTL_ENABLE_DEBUG_INFO = NO;
				SDKROOT = iphoneos;
				SWIFT_OPTIMIZATION_LEVEL = "-Owholemodule";
				VALIDATE_PRODUCT = YES;
			};
			name = Release;
		};
		334BF3E61FBF5438007362F0 /* Debug */ = {
			isa = XCBuildConfiguration;
			buildSettings = {
				ASSETCATALOG_COMPILER_APPICON_NAME = AppIcon;
				CODE_SIGN_STYLE = Automatic;
				DEVELOPMENT_TEAM = Y2ZU24E3BN;
				INFOPLIST_FILE = Tumblr/Info.plist;
				LD_RUNPATH_SEARCH_PATHS = "$(inherited) @executable_path/Frameworks";
				PRODUCT_BUNDLE_IDENTIFIER = Vinnie.Tumblr;
				PRODUCT_NAME = "$(TARGET_NAME)";
				SWIFT_VERSION = 4.0;
				TARGETED_DEVICE_FAMILY = "1,2";
			};
			name = Debug;
		};
		334BF3E71FBF5438007362F0 /* Release */ = {
			isa = XCBuildConfiguration;
			buildSettings = {
				ASSETCATALOG_COMPILER_APPICON_NAME = AppIcon;
				CODE_SIGN_STYLE = Automatic;
				DEVELOPMENT_TEAM = Y2ZU24E3BN;
				INFOPLIST_FILE = Tumblr/Info.plist;
				LD_RUNPATH_SEARCH_PATHS = "$(inherited) @executable_path/Frameworks";
				PRODUCT_BUNDLE_IDENTIFIER = Vinnie.Tumblr;
				PRODUCT_NAME = "$(TARGET_NAME)";
				SWIFT_VERSION = 4.0;
				TARGETED_DEVICE_FAMILY = "1,2";
			};
			name = Release;
		};
		334BF3E91FBF5438007362F0 /* Debug */ = {
			isa = XCBuildConfiguration;
			buildSettings = {
				ALWAYS_EMBED_SWIFT_STANDARD_LIBRARIES = YES;
				BUNDLE_LOADER = "$(TEST_HOST)";
				CODE_SIGN_STYLE = Automatic;
				DEVELOPMENT_TEAM = Y2ZU24E3BN;
				INFOPLIST_FILE = TumblrTests/Info.plist;
				LD_RUNPATH_SEARCH_PATHS = "$(inherited) @executable_path/Frameworks @loader_path/Frameworks";
				PRODUCT_BUNDLE_IDENTIFIER = Vinnie.TumblrTests;
				PRODUCT_NAME = "$(TARGET_NAME)";
				SWIFT_VERSION = 4.0;
				TARGETED_DEVICE_FAMILY = "1,2";
				TEST_HOST = "$(BUILT_PRODUCTS_DIR)/Tumblr.app/Tumblr";
			};
			name = Debug;
		};
		334BF3EA1FBF5438007362F0 /* Release */ = {
			isa = XCBuildConfiguration;
			buildSettings = {
				ALWAYS_EMBED_SWIFT_STANDARD_LIBRARIES = YES;
				BUNDLE_LOADER = "$(TEST_HOST)";
				CODE_SIGN_STYLE = Automatic;
				DEVELOPMENT_TEAM = Y2ZU24E3BN;
				INFOPLIST_FILE = TumblrTests/Info.plist;
				LD_RUNPATH_SEARCH_PATHS = "$(inherited) @executable_path/Frameworks @loader_path/Frameworks";
				PRODUCT_BUNDLE_IDENTIFIER = Vinnie.TumblrTests;
				PRODUCT_NAME = "$(TARGET_NAME)";
				SWIFT_VERSION = 4.0;
				TARGETED_DEVICE_FAMILY = "1,2";
				TEST_HOST = "$(BUILT_PRODUCTS_DIR)/Tumblr.app/Tumblr";
			};
			name = Release;
		};
		334BF3EC1FBF5438007362F0 /* Debug */ = {
			isa = XCBuildConfiguration;
			buildSettings = {
				ALWAYS_EMBED_SWIFT_STANDARD_LIBRARIES = YES;
				CODE_SIGN_STYLE = Automatic;
				DEVELOPMENT_TEAM = Y2ZU24E3BN;
				INFOPLIST_FILE = TumblrUITests/Info.plist;
				LD_RUNPATH_SEARCH_PATHS = "$(inherited) @executable_path/Frameworks @loader_path/Frameworks";
				PRODUCT_BUNDLE_IDENTIFIER = Vinnie.TumblrUITests;
				PRODUCT_NAME = "$(TARGET_NAME)";
				SWIFT_VERSION = 4.0;
				TARGETED_DEVICE_FAMILY = "1,2";
				TEST_TARGET_NAME = Tumblr;
			};
			name = Debug;
		};
		334BF3ED1FBF5438007362F0 /* Release */ = {
			isa = XCBuildConfiguration;
			buildSettings = {
				ALWAYS_EMBED_SWIFT_STANDARD_LIBRARIES = YES;
				CODE_SIGN_STYLE = Automatic;
				DEVELOPMENT_TEAM = Y2ZU24E3BN;
				INFOPLIST_FILE = TumblrUITests/Info.plist;
				LD_RUNPATH_SEARCH_PATHS = "$(inherited) @executable_path/Frameworks @loader_path/Frameworks";
				PRODUCT_BUNDLE_IDENTIFIER = Vinnie.TumblrUITests;
				PRODUCT_NAME = "$(TARGET_NAME)";
				SWIFT_VERSION = 4.0;
				TARGETED_DEVICE_FAMILY = "1,2";
				TEST_TARGET_NAME = Tumblr;
			};
			name = Release;
		};
/* End XCBuildConfiguration section */

/* Begin XCConfigurationList section */
		334BF3B81FBF5438007362F0 /* Build configuration list for PBXProject "Tumblr" */ = {
			isa = XCConfigurationList;
			buildConfigurations = (
				334BF3E31FBF5438007362F0 /* Debug */,
				334BF3E41FBF5438007362F0 /* Release */,
			);
			defaultConfigurationIsVisible = 0;
			defaultConfigurationName = Release;
		};
		334BF3E51FBF5438007362F0 /* Build configuration list for PBXNativeTarget "Tumblr" */ = {
			isa = XCConfigurationList;
			buildConfigurations = (
				334BF3E61FBF5438007362F0 /* Debug */,
				334BF3E71FBF5438007362F0 /* Release */,
			);
			defaultConfigurationIsVisible = 0;
			defaultConfigurationName = Release;
		};
		334BF3E81FBF5438007362F0 /* Build configuration list for PBXNativeTarget "TumblrTests" */ = {
			isa = XCConfigurationList;
			buildConfigurations = (
				334BF3E91FBF5438007362F0 /* Debug */,
				334BF3EA1FBF5438007362F0 /* Release */,
			);
			defaultConfigurationIsVisible = 0;
			defaultConfigurationName = Release;
		};
		334BF3EB1FBF5438007362F0 /* Build configuration list for PBXNativeTarget "TumblrUITests" */ = {
			isa = XCConfigurationList;
			buildConfigurations = (
				334BF3EC1FBF5438007362F0 /* Debug */,
				334BF3ED1FBF5438007362F0 /* Release */,
			);
			defaultConfigurationIsVisible = 0;
			defaultConfigurationName = Release;
		};
/* End XCConfigurationList section */
	};
	rootObject = 334BF3B51FBF5438007362F0 /* Project object */;
}
